
Microsoft Visual Studio Solution File, Format Version 12.00
# Visual Studio Version 16
VisualStudioVersion = 16.0.30621.155
MinimumVisualStudioVersion = 10.0.40219.1
Project("{FAE04EC0-301F-11D3-BF4B-00C04F79EFBC}") = "ExcelWeb", "ExcelWeb\ExcelWeb.csproj", "{22016E8B-050A-43DB-AAB3-D02EA2AA56BE}"
EndProject
Project("{FAE04EC0-301F-11D3-BF4B-00C04F79EFBC}") = "ExcelWebWeb", "ExcelWebWeb\ExcelWebWeb.csproj", "{B967358A-C3E0-4CD0-A83A-9F937382ACC2}"
EndProject
Project("{FAE04EC0-301F-11D3-BF4B-00C04F79EFBC}") = "ExcelImport", "ExcelImport\ExcelImport.csproj", "{F719B443-CCE1-4063-A407-BB56A1D65B21}"
EndProject
Global
	GlobalSection(SolutionConfigurationPlatforms) = preSolution
		Debug|Any CPU = Debug|Any CPU
		Release|Any CPU = Release|Any CPU
	EndGlobalSection
	GlobalSection(ProjectConfigurationPlatforms) = postSolution
		{22016E8B-050A-43DB-AAB3-D02EA2AA56BE}.Debug|Any CPU.ActiveCfg = Debug|Any CPU
		{22016E8B-050A-43DB-AAB3-D02EA2AA56BE}.Debug|Any CPU.Build.0 = Debug|Any CPU
		{22016E8B-050A-43DB-AAB3-D02EA2AA56BE}.Debug|Any CPU.Deploy.0 = Debug|Any CPU
		{22016E8B-050A-43DB-AAB3-D02EA2AA56BE}.Release|Any CPU.ActiveCfg = Release|Any CPU
		{22016E8B-050A-43DB-AAB3-D02EA2AA56BE}.Release|Any CPU.Build.0 = Release|Any CPU
		{22016E8B-050A-43DB-AAB3-D02EA2AA56BE}.Release|Any CPU.Deploy.0 = Release|Any CPU
		{B967358A-C3E0-4CD0-A83A-9F937382ACC2}.Debug|Any CPU.ActiveCfg = Debug|Any CPU
		{B967358A-C3E0-4CD0-A83A-9F937382ACC2}.Debug|Any CPU.Build.0 = Debug|Any CPU
		{B967358A-C3E0-4CD0-A83A-9F937382ACC2}.Release|Any CPU.ActiveCfg = Release|Any CPU
		{B967358A-C3E0-4CD0-A83A-9F937382ACC2}.Release|Any CPU.Build.0 = Release|Any CPU
		{F719B443-CCE1-4063-A407-BB56A1D65B21}.Debug|Any CPU.ActiveCfg = Debug|Any CPU
		{F719B443-CCE1-4063-A407-BB56A1D65B21}.Debug|Any CPU.Build.0 = Debug|Any CPU
		{F719B443-CCE1-4063-A407-BB56A1D65B21}.Release|Any CPU.ActiveCfg = Release|Any CPU
		{F719B443-CCE1-4063-A407-BB56A1D65B21}.Release|Any CPU.Build.0 = Release|Any CPU
	EndGlobalSection
	GlobalSection(SolutionProperties) = preSolution
		HideSolutionNode = FALSE
	EndGlobalSection
	GlobalSection(ExtensibilityGlobals) = postSolution
		SolutionGuid = {2BE0290A-F4D3-4D23-B734-47B5BE82D230}
	EndGlobalSection
EndGlobal
